
Microsoft Visual Studio Solution File, Format Version 12.00
Project("{FAE04EC0-301F-11D3-BF4B-00C04F79EFBC}") = "Algorithm1", "Algorithm1\Algorithm1.csproj", "{0D4825A9-F83F-482C-86AD-269C786B784E}"
EndProject
Project("{FAE04EC0-301F-11D3-BF4B-00C04F79EFBC}") = "Algorithm2", "Algorithm2\Algorithm2.csproj", "{B10E17D9-4F62-43E8-9B25-099331896A1C}"
EndProject
Project("{FAE04EC0-301F-11D3-BF4B-00C04F79EFBC}") = "Algorithm3", "Algorithm3\Algorithm3.csproj", "{D3799E58-CD8B-4551-936E-F1154D512454}"
EndProject
Project("{FAE04EC0-301F-11D3-BF4B-00C04F79EFBC}") = "Algorithm4", "Algorithm4\Algorithm4.csproj", "{479C30E2-DC87-4A6D-8CB1-F8808E964EFB}"
EndProject
Project("{FAE04EC0-301F-11D3-BF4B-00C04F79EFBC}") = "Algorithm5", "Algorithm5\Algorithm5.csproj", "{A558EBA5-48B7-43EF-9B35-D32DCD2E0F95}"
EndProject
Project("{FAE04EC0-301F-11D3-BF4B-00C04F79EFBC}") = "Algorithm6", "Algorithm6\Algorithm6.csproj", "{DF7CD234-190D-407C-97EA-450425FF5260}"
EndProject
Project("{FAE04EC0-301F-11D3-BF4B-00C04F79EFBC}") = "Algorithm7", "Algorithm7\Algorithm7.csproj", "{4B0BAD8A-86D6-4E69-A5A4-BAEAA65A8667}"
EndProject
Project("{FAE04EC0-301F-11D3-BF4B-00C04F79EFBC}") = "Algorithm8", "Algorithm8\Algorithm8.csproj", "{D1BD454F-C861-4A8A-8950-1866F18748E9}"
EndProject
Project("{FAE04EC0-301F-11D3-BF4B-00C04F79EFBC}") = "Algorithm9", "Algorithm9\Algorithm9.csproj", "{B351D61E-E988-4D53-9525-32F4F7B0F6F8}"
EndProject
Project("{FAE04EC0-301F-11D3-BF4B-00C04F79EFBC}") = "Algorithm10", "Algorithm10\Algorithm10.csproj", "{B56D4AF3-A649-4731-89E5-CD9EE3618060}"
EndProject
Project("{FAE04EC0-301F-11D3-BF4B-00C04F79EFBC}") = "Algorithm11", "Algorithm11\Algorithm11.csproj", "{97ED5204-2B4F-449A-BAEF-CED251E86235}"
EndProject
Project("{FAE04EC0-301F-11D3-BF4B-00C04F79EFBC}") = "Algorithm12", "Algorithm12\Algorithm12.csproj", "{59719970-BC18-4DC1-9E1D-14CAD7CAC970}"
EndProject
Project("{FAE04EC0-301F-11D3-BF4B-00C04F79EFBC}") = "Algorithm13", "Algorithm13\Algorithm13.csproj", "{D0C48947-9358-42F0-9A15-E552E817E748}"
EndProject
Project("{FAE04EC0-301F-11D3-BF4B-00C04F79EFBC}") = "Algorithm14", "Algorithm14\Algorithm14.csproj", "{1E19DAB5-C4D0-4813-A2F2-ECD57FD36D4D}"
EndProject
Project("{FAE04EC0-301F-11D3-BF4B-00C04F79EFBC}") = "Algorithm15", "Algorithm15\Algorithm15.csproj", "{984BFB11-D9DD-4403-9D40-3229E9EDE08A}"
EndProject
Project("{FAE04EC0-301F-11D3-BF4B-00C04F79EFBC}") = "Algorithm16", "Algorithm16\Algorithm16.csproj", "{CC55D9C4-F04E-48BD-867F-782EF50F7612}"
EndProject
Project("{FAE04EC0-301F-11D3-BF4B-00C04F79EFBC}") = "Algorithm17", "Algorithm17\Algorithm17.csproj", "{321AD57A-D6BB-4A91-AA6D-6227AE34CB2C}"
EndProject
Project("{FAE04EC0-301F-11D3-BF4B-00C04F79EFBC}") = "Algorithm18", "Algorithm18\Algorithm18.csproj", "{0E5A1E31-0D36-4D5B-81DF-3D7BBDCC62B9}"
EndProject
Project("{FAE04EC0-301F-11D3-BF4B-00C04F79EFBC}") = "Algorithm19", "Algorithm19\Algorithm19.csproj", "{93DF65E1-113E-4B01-9AEA-C44681CB8C1E}"
EndProject
Global
	GlobalSection(SolutionConfigurationPlatforms) = preSolution
		Debug|Any CPU = Debug|Any CPU
		Release|Any CPU = Release|Any CPU
	EndGlobalSection
	GlobalSection(ProjectConfigurationPlatforms) = postSolution
		{0D4825A9-F83F-482C-86AD-269C786B784E}.Debug|Any CPU.ActiveCfg = Debug|Any CPU
		{0D4825A9-F83F-482C-86AD-269C786B784E}.Debug|Any CPU.Build.0 = Debug|Any CPU
		{0D4825A9-F83F-482C-86AD-269C786B784E}.Release|Any CPU.ActiveCfg = Release|Any CPU
		{0D4825A9-F83F-482C-86AD-269C786B784E}.Release|Any CPU.Build.0 = Release|Any CPU
		{B10E17D9-4F62-43E8-9B25-099331896A1C}.Debug|Any CPU.ActiveCfg = Debug|Any CPU
		{B10E17D9-4F62-43E8-9B25-099331896A1C}.Debug|Any CPU.Build.0 = Debug|Any CPU
		{B10E17D9-4F62-43E8-9B25-099331896A1C}.Release|Any CPU.ActiveCfg = Release|Any CPU
		{B10E17D9-4F62-43E8-9B25-099331896A1C}.Release|Any CPU.Build.0 = Release|Any CPU
		{D3799E58-CD8B-4551-936E-F1154D512454}.Debug|Any CPU.ActiveCfg = Debug|Any CPU
		{D3799E58-CD8B-4551-936E-F1154D512454}.Debug|Any CPU.Build.0 = Debug|Any CPU
		{D3799E58-CD8B-4551-936E-F1154D512454}.Release|Any CPU.ActiveCfg = Release|Any CPU
		{D3799E58-CD8B-4551-936E-F1154D512454}.Release|Any CPU.Build.0 = Release|Any CPU
		{479C30E2-DC87-4A6D-8CB1-F8808E964EFB}.Debug|Any CPU.ActiveCfg = Debug|Any CPU
		{479C30E2-DC87-4A6D-8CB1-F8808E964EFB}.Debug|Any CPU.Build.0 = Debug|Any CPU
		{479C30E2-DC87-4A6D-8CB1-F8808E964EFB}.Release|Any CPU.ActiveCfg = Release|Any CPU
		{479C30E2-DC87-4A6D-8CB1-F8808E964EFB}.Release|Any CPU.Build.0 = Release|Any CPU
		{A558EBA5-48B7-43EF-9B35-D32DCD2E0F95}.Debug|Any CPU.ActiveCfg = Debug|Any CPU
		{A558EBA5-48B7-43EF-9B35-D32DCD2E0F95}.Debug|Any CPU.Build.0 = Debug|Any CPU
		{A558EBA5-48B7-43EF-9B35-D32DCD2E0F95}.Release|Any CPU.ActiveCfg = Release|Any CPU
		{A558EBA5-48B7-43EF-9B35-D32DCD2E0F95}.Release|Any CPU.Build.0 = Release|Any CPU
		{DF7CD234-190D-407C-97EA-450425FF5260}.Debug|Any CPU.ActiveCfg = Debug|Any CPU
		{DF7CD234-190D-407C-97EA-450425FF5260}.Debug|Any CPU.Build.0 = Debug|Any CPU
		{DF7CD234-190D-407C-97EA-450425FF5260}.Release|Any CPU.ActiveCfg = Release|Any CPU
		{DF7CD234-190D-407C-97EA-450425FF5260}.Release|Any CPU.Build.0 = Release|Any CPU
		{4B0BAD8A-86D6-4E69-A5A4-BAEAA65A8667}.Debug|Any CPU.ActiveCfg = Debug|Any CPU
		{4B0BAD8A-86D6-4E69-A5A4-BAEAA65A8667}.Debug|Any CPU.Build.0 = Debug|Any CPU
		{4B0BAD8A-86D6-4E69-A5A4-BAEAA65A8667}.Release|Any CPU.ActiveCfg = Release|Any CPU
		{4B0BAD8A-86D6-4E69-A5A4-BAEAA65A8667}.Release|Any CPU.Build.0 = Release|Any CPU
		{D1BD454F-C861-4A8A-8950-1866F18748E9}.Debug|Any CPU.ActiveCfg = Debug|Any CPU
		{D1BD454F-C861-4A8A-8950-1866F18748E9}.Debug|Any CPU.Build.0 = Debug|Any CPU
		{D1BD454F-C861-4A8A-8950-1866F18748E9}.Release|Any CPU.ActiveCfg = Release|Any CPU
		{D1BD454F-C861-4A8A-8950-1866F18748E9}.Release|Any CPU.Build.0 = Release|Any CPU
		{B351D61E-E988-4D53-9525-32F4F7B0F6F8}.Debug|Any CPU.ActiveCfg = Debug|Any CPU
		{B351D61E-E988-4D53-9525-32F4F7B0F6F8}.Debug|Any CPU.Build.0 = Debug|Any CPU
		{B351D61E-E988-4D53-9525-32F4F7B0F6F8}.Release|Any CPU.ActiveCfg = Release|Any CPU
		{B351D61E-E988-4D53-9525-32F4F7B0F6F8}.Release|Any CPU.Build.0 = Release|Any CPU
		{B56D4AF3-A649-4731-89E5-CD9EE3618060}.Debug|Any CPU.ActiveCfg = Debug|Any CPU
		{B56D4AF3-A649-4731-89E5-CD9EE3618060}.Debug|Any CPU.Build.0 = Debug|Any CPU
		{B56D4AF3-A649-4731-89E5-CD9EE3618060}.Release|Any CPU.ActiveCfg = Release|Any CPU
		{B56D4AF3-A649-4731-89E5-CD9EE3618060}.Release|Any CPU.Build.0 = Release|Any CPU
		{97ED5204-2B4F-449A-BAEF-CED251E86235}.Debug|Any CPU.ActiveCfg = Debug|Any CPU
		{97ED5204-2B4F-449A-BAEF-CED251E86235}.Debug|Any CPU.Build.0 = Debug|Any CPU
		{97ED5204-2B4F-449A-BAEF-CED251E86235}.Release|Any CPU.ActiveCfg = Release|Any CPU
		{97ED5204-2B4F-449A-BAEF-CED251E86235}.Release|Any CPU.Build.0 = Release|Any CPU
		{59719970-BC18-4DC1-9E1D-14CAD7CAC970}.Debug|Any CPU.ActiveCfg = Debug|Any CPU
		{59719970-BC18-4DC1-9E1D-14CAD7CAC970}.Debug|Any CPU.Build.0 = Debug|Any CPU
		{59719970-BC18-4DC1-9E1D-14CAD7CAC970}.Release|Any CPU.ActiveCfg = Release|Any CPU
		{59719970-BC18-4DC1-9E1D-14CAD7CAC970}.Release|Any CPU.Build.0 = Release|Any CPU
		{D0C48947-9358-42F0-9A15-E552E817E748}.Debug|Any CPU.ActiveCfg = Debug|Any CPU
		{D0C48947-9358-42F0-9A15-E552E817E748}.Debug|Any CPU.Build.0 = Debug|Any CPU
		{D0C48947-9358-42F0-9A15-E552E817E748}.Release|Any CPU.ActiveCfg = Release|Any CPU
		{D0C48947-9358-42F0-9A15-E552E817E748}.Release|Any CPU.Build.0 = Release|Any CPU
		{1E19DAB5-C4D0-4813-A2F2-ECD57FD36D4D}.Debug|Any CPU.ActiveCfg = Debug|Any CPU
		{1E19DAB5-C4D0-4813-A2F2-ECD57FD36D4D}.Debug|Any CPU.Build.0 = Debug|Any CPU
		{1E19DAB5-C4D0-4813-A2F2-ECD57FD36D4D}.Release|Any CPU.ActiveCfg = Release|Any CPU
		{1E19DAB5-C4D0-4813-A2F2-ECD57FD36D4D}.Release|Any CPU.Build.0 = Release|Any CPU
		{984BFB11-D9DD-4403-9D40-3229E9EDE08A}.Debug|Any CPU.ActiveCfg = Debug|Any CPU
		{984BFB11-D9DD-4403-9D40-3229E9EDE08A}.Debug|Any CPU.Build.0 = Debug|Any CPU
		{984BFB11-D9DD-4403-9D40-3229E9EDE08A}.Release|Any CPU.ActiveCfg = Release|Any CPU
		{984BFB11-D9DD-4403-9D40-3229E9EDE08A}.Release|Any CPU.Build.0 = Release|Any CPU
		{CC55D9C4-F04E-48BD-867F-782EF50F7612}.Debug|Any CPU.ActiveCfg = Debug|Any CPU
		{CC55D9C4-F04E-48BD-867F-782EF50F7612}.Debug|Any CPU.Build.0 = Debug|Any CPU
		{CC55D9C4-F04E-48BD-867F-782EF50F7612}.Release|Any CPU.ActiveCfg = Release|Any CPU
		{CC55D9C4-F04E-48BD-867F-782EF50F7612}.Release|Any CPU.Build.0 = Release|Any CPU
		{321AD57A-D6BB-4A91-AA6D-6227AE34CB2C}.Debug|Any CPU.ActiveCfg = Debug|Any CPU
		{321AD57A-D6BB-4A91-AA6D-6227AE34CB2C}.Debug|Any CPU.Build.0 = Debug|Any CPU
		{321AD57A-D6BB-4A91-AA6D-6227AE34CB2C}.Release|Any CPU.ActiveCfg = Release|Any CPU
		{321AD57A-D6BB-4A91-AA6D-6227AE34CB2C}.Release|Any CPU.Build.0 = Release|Any CPU
		{0E5A1E31-0D36-4D5B-81DF-3D7BBDCC62B9}.Debug|Any CPU.ActiveCfg = Debug|Any CPU
		{0E5A1E31-0D36-4D5B-81DF-3D7BBDCC62B9}.Debug|Any CPU.Build.0 = Debug|Any CPU
		{0E5A1E31-0D36-4D5B-81DF-3D7BBDCC62B9}.Release|Any CPU.ActiveCfg = Release|Any CPU
		{0E5A1E31-0D36-4D5B-81DF-3D7BBDCC62B9}.Release|Any CPU.Build.0 = Release|Any CPU
		{93DF65E1-113E-4B01-9AEA-C44681CB8C1E}.Debug|Any CPU.ActiveCfg = Debug|Any CPU
		{93DF65E1-113E-4B01-9AEA-C44681CB8C1E}.Debug|Any CPU.Build.0 = Debug|Any CPU
		{93DF65E1-113E-4B01-9AEA-C44681CB8C1E}.Release|Any CPU.ActiveCfg = Release|Any CPU
		{93DF65E1-113E-4B01-9AEA-C44681CB8C1E}.Release|Any CPU.Build.0 = Release|Any CPU
	EndGlobalSection
EndGlobal
